// !$*UTF8*$!
{
	archiveVersion = 1;
	classes = {
	};
	objectVersion = 48;
	objects = {

/* Begin PBXBuildFile section */
		DCB1D1CF1F95ACC100DDAB9A /* AppDelegate.swift in Sources */ = {isa = PBXBuildFile; fileRef = DCB1D1CE1F95ACC100DDAB9A /* AppDelegate.swift */; };
		DCB1D1D11F95ACC100DDAB9A /* ViewController.swift in Sources */ = {isa = PBXBuildFile; fileRef = DCB1D1D01F95ACC100DDAB9A /* ViewController.swift */; };
		DCB1D1D41F95ACC100DDAB9A /* Main.storyboard in Resources */ = {isa = PBXBuildFile; fileRef = DCB1D1D21F95ACC100DDAB9A /* Main.storyboard */; };
		DCB1D1D61F95ACC100DDAB9A /* Assets.xcassets in Resources */ = {isa = PBXBuildFile; fileRef = DCB1D1D51F95ACC100DDAB9A /* Assets.xcassets */; };
		DCB1D1D91F95ACC100DDAB9A /* LaunchScreen.storyboard in Resources */ = {isa = PBXBuildFile; fileRef = DCB1D1D71F95ACC100DDAB9A /* LaunchScreen.storyboard */; };
		DCB1D1E41F95ACC100DDAB9A /* Quiz17OktNo1Tests.swift in Sources */ = {isa = PBXBuildFile; fileRef = DCB1D1E31F95ACC100DDAB9A /* Quiz17OktNo1Tests.swift */; };
		DCB1D1EF1F95ACC100DDAB9A /* Quiz17OktNo1UITests.swift in Sources */ = {isa = PBXBuildFile; fileRef = DCB1D1EE1F95ACC100DDAB9A /* Quiz17OktNo1UITests.swift */; };
		DCB1D1FD1F95ADA900DDAB9A /* TableViewController.swift in Sources */ = {isa = PBXBuildFile; fileRef = DCB1D1FC1F95ADA900DDAB9A /* TableViewController.swift */; };
/* End PBXBuildFile section */

/* Begin PBXContainerItemProxy section */
		DCB1D1E01F95ACC100DDAB9A /* PBXContainerItemProxy */ = {
			isa = PBXContainerItemProxy;
			containerPortal = DCB1D1C31F95ACC100DDAB9A /* Project object */;
			proxyType = 1;
			remoteGlobalIDString = DCB1D1CA1F95ACC100DDAB9A;
			remoteInfo = Quiz17OktNo1;
		};
		DCB1D1EB1F95ACC100DDAB9A /* PBXContainerItemProxy */ = {
			isa = PBXContainerItemProxy;
			containerPortal = DCB1D1C31F95ACC100DDAB9A /* Project object */;
			proxyType = 1;
			remoteGlobalIDString = DCB1D1CA1F95ACC100DDAB9A;
			remoteInfo = Quiz17OktNo1;
		};
/* End PBXContainerItemProxy section */

/* Begin PBXFileReference section */
		DCB1D1CB1F95ACC100DDAB9A /* Quiz17OktNo1.app */ = {isa = PBXFileReference; explicitFileType = wrapper.application; includeInIndex = 0; path = Quiz17OktNo1.app; sourceTree = BUILT_PRODUCTS_DIR; };
		DCB1D1CE1F95ACC100DDAB9A /* AppDelegate.swift */ = {isa = PBXFileReference; lastKnownFileType = sourcecode.swift; path = AppDelegate.swift; sourceTree = "<group>"; };
		DCB1D1D01F95ACC100DDAB9A /* ViewController.swift */ = {isa = PBXFileReference; lastKnownFileType = sourcecode.swift; path = ViewController.swift; sourceTree = "<group>"; };
		DCB1D1D31F95ACC100DDAB9A /* Base */ = {isa = PBXFileReference; lastKnownFileType = file.storyboard; name = Base; path = Base.lproj/Main.storyboard; sourceTree = "<group>"; };
		DCB1D1D51F95ACC100DDAB9A /* Assets.xcassets */ = {isa = PBXFileReference; lastKnownFileType = folder.assetcatalog; path = Assets.xcassets; sourceTree = "<group>"; };
		DCB1D1D81F95ACC100DDAB9A /* Base */ = {isa = PBXFileReference; lastKnownFileType = file.storyboard; name = Base; path = Base.lproj/LaunchScreen.storyboard; sourceTree = "<group>"; };
		DCB1D1DA1F95ACC100DDAB9A /* Info.plist */ = {isa = PBXFileReference; lastKnownFileType = text.plist.xml; path = Info.plist; sourceTree = "<group>"; };
		DCB1D1DF1F95ACC100DDAB9A /* Quiz17OktNo1Tests.xctest */ = {isa = PBXFileReference; explicitFileType = wrapper.cfbundle; includeInIndex = 0; path = Quiz17OktNo1Tests.xctest; sourceTree = BUILT_PRODUCTS_DIR; };
		DCB1D1E31F95ACC100DDAB9A /* Quiz17OktNo1Tests.swift */ = {isa = PBXFileReference; lastKnownFileType = sourcecode.swift; path = Quiz17OktNo1Tests.swift; sourceTree = "<group>"; };
		DCB1D1E51F95ACC100DDAB9A /* Info.plist */ = {isa = PBXFileReference; lastKnownFileType = text.plist.xml; path = Info.plist; sourceTree = "<group>"; };
		DCB1D1EA1F95ACC100DDAB9A /* Quiz17OktNo1UITests.xctest */ = {isa = PBXFileReference; explicitFileType = wrapper.cfbundle; includeInIndex = 0; path = Quiz17OktNo1UITests.xctest; sourceTree = BUILT_PRODUCTS_DIR; };
		DCB1D1EE1F95ACC100DDAB9A /* Quiz17OktNo1UITests.swift */ = {isa = PBXFileReference; lastKnownFileType = sourcecode.swift; path = Quiz17OktNo1UITests.swift; sourceTree = "<group>"; };
		DCB1D1F01F95ACC100DDAB9A /* Info.plist */ = {isa = PBXFileReference; lastKnownFileType = text.plist.xml; path = Info.plist; sourceTree = "<group>"; };
		DCB1D1FC1F95ADA900DDAB9A /* TableViewController.swift */ = {isa = PBXFileReference; lastKnownFileType = sourcecode.swift; path = TableViewController.swift; sourceTree = "<group>"; };
/* End PBXFileReference section */

/* Begin PBXFrameworksBuildPhase section */
		DCB1D1C81F95ACC100DDAB9A /* Frameworks */ = {
			isa = PBXFrameworksBuildPhase;
			buildActionMask = 2147483647;
			files = (
			);
			runOnlyForDeploymentPostprocessing = 0;
		};
		DCB1D1DC1F95ACC100DDAB9A /* Frameworks */ = {
			isa = PBXFrameworksBuildPhase;
			buildActionMask = 2147483647;
			files = (
			);
			runOnlyForDeploymentPostprocessing = 0;
		};
		DCB1D1E71F95ACC100DDAB9A /* Frameworks */ = {
			isa = PBXFrameworksBuildPhase;
			buildActionMask = 2147483647;
			files = (
			);
			runOnlyForDeploymentPostprocessing = 0;
		};
/* End PBXFrameworksBuildPhase section */

/* Begin PBXGroup section */
		DCB1D1C21F95ACC100DDAB9A = {
			isa = PBXGroup;
			children = (
				DCB1D1CD1F95ACC100DDAB9A /* Quiz17OktNo1 */,
				DCB1D1E21F95ACC100DDAB9A /* Quiz17OktNo1Tests */,
				DCB1D1ED1F95ACC100DDAB9A /* Quiz17OktNo1UITests */,
				DCB1D1CC1F95ACC100DDAB9A /* Products */,
			);
			sourceTree = "<group>";
		};
		DCB1D1CC1F95ACC100DDAB9A /* Products */ = {
			isa = PBXGroup;
			children = (
				DCB1D1CB1F95ACC100DDAB9A /* Quiz17OktNo1.app */,
				DCB1D1DF1F95ACC100DDAB9A /* Quiz17OktNo1Tests.xctest */,
				DCB1D1EA1F95ACC100DDAB9A /* Quiz17OktNo1UITests.xctest */,
			);
			name = Products;
			sourceTree = "<group>";
		};
		DCB1D1CD1F95ACC100DDAB9A /* Quiz17OktNo1 */ = {
			isa = PBXGroup;
			children = (
				DCB1D1CE1F95ACC100DDAB9A /* AppDelegate.swift */,
				DCB1D1D01F95ACC100DDAB9A /* ViewController.swift */,
				DCB1D1D21F95ACC100DDAB9A /* Main.storyboard */,
				DCB1D1D51F95ACC100DDAB9A /* Assets.xcassets */,
				DCB1D1D71F95ACC100DDAB9A /* LaunchScreen.storyboard */,
				DCB1D1DA1F95ACC100DDAB9A /* Info.plist */,
				DCB1D1FC1F95ADA900DDAB9A /* TableViewController.swift */,
			);
			path = Quiz17OktNo1;
			sourceTree = "<group>";
		};
		DCB1D1E21F95ACC100DDAB9A /* Quiz17OktNo1Tests */ = {
			isa = PBXGroup;
			children = (
				DCB1D1E31F95ACC100DDAB9A /* Quiz17OktNo1Tests.swift */,
				DCB1D1E51F95ACC100DDAB9A /* Info.plist */,
			);
			path = Quiz17OktNo1Tests;
			sourceTree = "<group>";
		};
		DCB1D1ED1F95ACC100DDAB9A /* Quiz17OktNo1UITests */ = {
			isa = PBXGroup;
			children = (
				DCB1D1EE1F95ACC100DDAB9A /* Quiz17OktNo1UITests.swift */,
				DCB1D1F01F95ACC100DDAB9A /* Info.plist */,
			);
			path = Quiz17OktNo1UITests;
			sourceTree = "<group>";
		};
/* End PBXGroup section */

/* Begin PBXNativeTarget section */
		DCB1D1CA1F95ACC100DDAB9A /* Quiz17OktNo1 */ = {
			isa = PBXNativeTarget;
			buildConfigurationList = DCB1D1F31F95ACC100DDAB9A /* Build configuration list for PBXNativeTarget "Quiz17OktNo1" */;
			buildPhases = (
				DCB1D1C71F95ACC100DDAB9A /* Sources */,
				DCB1D1C81F95ACC100DDAB9A /* Frameworks */,
				DCB1D1C91F95ACC100DDAB9A /* Resources */,
			);
			buildRules = (
			);
			dependencies = (
			);
			name = Quiz17OktNo1;
			productName = Quiz17OktNo1;
			productReference = DCB1D1CB1F95ACC100DDAB9A /* Quiz17OktNo1.app */;
			productType = "com.apple.product-type.application";
		};
		DCB1D1DE1F95ACC100DDAB9A /* Quiz17OktNo1Tests */ = {
			isa = PBXNativeTarget;
			buildConfigurationList = DCB1D1F61F95ACC100DDAB9A /* Build configuration list for PBXNativeTarget "Quiz17OktNo1Tests" */;
			buildPhases = (
				DCB1D1DB1F95ACC100DDAB9A /* Sources */,
				DCB1D1DC1F95ACC100DDAB9A /* Frameworks */,
				DCB1D1DD1F95ACC100DDAB9A /* Resources */,
			);
			buildRules = (
			);
			dependencies = (
				DCB1D1E11F95ACC100DDAB9A /* PBXTargetDependency */,
			);
			name = Quiz17OktNo1Tests;
			productName = Quiz17OktNo1Tests;
			productReference = DCB1D1DF1F95ACC100DDAB9A /* Quiz17OktNo1Tests.xctest */;
			productType = "com.apple.product-type.bundle.unit-test";
		};
		DCB1D1E91F95ACC100DDAB9A /* Quiz17OktNo1UITests */ = {
			isa = PBXNativeTarget;
			buildConfigurationList = DCB1D1F91F95ACC100DDAB9A /* Build configuration list for PBXNativeTarget "Quiz17OktNo1UITests" */;
			buildPhases = (
				DCB1D1E61F95ACC100DDAB9A /* Sources */,
				DCB1D1E71F95ACC100DDAB9A /* Frameworks */,
				DCB1D1E81F95ACC100DDAB9A /* Resources */,
			);
			buildRules = (
			);
			dependencies = (
				DCB1D1EC1F95ACC100DDAB9A /* PBXTargetDependency */,
			);
			name = Quiz17OktNo1UITests;
			productName = Quiz17OktNo1UITests;
			productReference = DCB1D1EA1F95ACC100DDAB9A /* Quiz17OktNo1UITests.xctest */;
			productType = "com.apple.product-type.bundle.ui-testing";
		};
/* End PBXNativeTarget section */

/* Begin PBXProject section */
		DCB1D1C31F95ACC100DDAB9A /* Project object */ = {
			isa = PBXProject;
			attributes = {
				LastSwiftUpdateCheck = 0900;
				LastUpgradeCheck = 0900;
				ORGANIZATIONNAME = Arjuna;
				TargetAttributes = {
					DCB1D1CA1F95ACC100DDAB9A = {
						CreatedOnToolsVersion = 9.0;
						ProvisioningStyle = Automatic;
					};
					DCB1D1DE1F95ACC100DDAB9A = {
						CreatedOnToolsVersion = 9.0;
						ProvisioningStyle = Automatic;
						TestTargetID = DCB1D1CA1F95ACC100DDAB9A;
					};
					DCB1D1E91F95ACC100DDAB9A = {
						CreatedOnToolsVersion = 9.0;
						ProvisioningStyle = Automatic;
						TestTargetID = DCB1D1CA1F95ACC100DDAB9A;
					};
				};
			};
			buildConfigurationList = DCB1D1C61F95ACC100DDAB9A /* Build configuration list for PBXProject "Quiz17OktNo1" */;
			compatibilityVersion = "Xcode 8.0";
			developmentRegion = en;
			hasScannedForEncodings = 0;
			knownRegions = (
				en,
				Base,
			);
			mainGroup = DCB1D1C21F95ACC100DDAB9A;
			productRefGroup = DCB1D1CC1F95ACC100DDAB9A /* Products */;
			projectDirPath = "";
			projectRoot = "";
			targets = (
				DCB1D1CA1F95ACC100DDAB9A /* Quiz17OktNo1 */,
				DCB1D1DE1F95ACC100DDAB9A /* Quiz17OktNo1Tests */,
				DCB1D1E91F95ACC100DDAB9A /* Quiz17OktNo1UITests */,
			);
		};
/* End PBXProject section */

/* Begin PBXResourcesBuildPhase section */
		DCB1D1C91F95ACC100DDAB9A /* Resources */ = {
			isa = PBXResourcesBuildPhase;
			buildActionMask = 2147483647;
			files = (
				DCB1D1D91F95ACC100DDAB9A /* LaunchScreen.storyboard in Resources */,
				DCB1D1D61F95ACC100DDAB9A /* Assets.xcassets in Resources */,
				DCB1D1D41F95ACC100DDAB9A /* Main.storyboard in Resources */,
			);
			runOnlyForDeploymentPostprocessing = 0;
		};
		DCB1D1DD1F95ACC100DDAB9A /* Resources */ = {
			isa = PBXResourcesBuildPhase;
			buildActionMask = 2147483647;
			files = (
			);
			runOnlyForDeploymentPostprocessing = 0;
		};
		DCB1D1E81F95ACC100DDAB9A /* Resources */ = {
			isa = PBXResourcesBuildPhase;
			buildActionMask = 2147483647;
			files = (
			);
			runOnlyForDeploymentPostprocessing = 0;
		};
/* End PBXResourcesBuildPhase section */

/* Begin PBXSourcesBuildPhase section */
		DCB1D1C71F95ACC100DDAB9A /* Sources */ = {
			isa = PBXSourcesBuildPhase;
			buildActionMask = 2147483647;
			files = (
				DCB1D1D11F95ACC100DDAB9A /* ViewController.swift in Sources */,
				DCB1D1FD1F95ADA900DDAB9A /* TableViewController.swift in Sources */,
				DCB1D1CF1F95ACC100DDAB9A /* AppDelegate.swift in Sources */,
			);
			runOnlyForDeploymentPostprocessing = 0;
		};
		DCB1D1DB1F95ACC100DDAB9A /* Sources */ = {
			isa = PBXSourcesBuildPhase;
			buildActionMask = 2147483647;
			files = (
				DCB1D1E41F95ACC100DDAB9A /* Quiz17OktNo1Tests.swift in Sources */,
			);
			runOnlyForDeploymentPostprocessing = 0;
		};
		DCB1D1E61F95ACC100DDAB9A /* Sources */ = {
			isa = PBXSourcesBuildPhase;
			buildActionMask = 2147483647;
			files = (
				DCB1D1EF1F95ACC100DDAB9A /* Quiz17OktNo1UITests.swift in Sources */,
			);
			runOnlyForDeploymentPostprocessing = 0;
		};
/* End PBXSourcesBuildPhase section */

/* Begin PBXTargetDependency section */
		DCB1D1E11F95ACC100DDAB9A /* PBXTargetDependency */ = {
			isa = PBXTargetDependency;
			target = DCB1D1CA1F95ACC100DDAB9A /* Quiz17OktNo1 */;
			targetProxy = DCB1D1E01F95ACC100DDAB9A /* PBXContainerItemProxy */;
		};
		DCB1D1EC1F95ACC100DDAB9A /* PBXTargetDependency */ = {
			isa = PBXTargetDependency;
			target = DCB1D1CA1F95ACC100DDAB9A /* Quiz17OktNo1 */;
			targetProxy = DCB1D1EB1F95ACC100DDAB9A /* PBXContainerItemProxy */;
		};
/* End PBXTargetDependency section */

/* Begin PBXVariantGroup section */
		DCB1D1D21F95ACC100DDAB9A /* Main.storyboard */ = {
			isa = PBXVariantGroup;
			children = (
				DCB1D1D31F95ACC100DDAB9A /* Base */,
			);
			name = Main.storyboard;
			sourceTree = "<group>";
		};
		DCB1D1D71F95ACC100DDAB9A /* LaunchScreen.storyboard */ = {
			isa = PBXVariantGroup;
			children = (
				DCB1D1D81F95ACC100DDAB9A /* Base */,
			);
			name = LaunchScreen.storyboard;
			sourceTree = "<group>";
		};
/* End PBXVariantGroup section */

/* Begin XCBuildConfiguration section */
		DCB1D1F11F95ACC100DDAB9A /* Debug */ = {
			isa = XCBuildConfiguration;
			buildSettings = {
				ALWAYS_SEARCH_USER_PATHS = NO;
				CLANG_ANALYZER_NONNULL = YES;
				CLANG_ANALYZER_NUMBER_OBJECT_CONVERSION = YES_AGGRESSIVE;
				CLANG_CXX_LANGUAGE_STANDARD = "gnu++14";
				CLANG_CXX_LIBRARY = "libc++";
				CLANG_ENABLE_MODULES = YES;
				CLANG_ENABLE_OBJC_ARC = YES;
				CLANG_WARN_BLOCK_CAPTURE_AUTORELEASING = YES;
				CLANG_WARN_BOOL_CONVERSION = YES;
				CLANG_WARN_COMMA = YES;
				CLANG_WARN_CONSTANT_CONVERSION = YES;
				CLANG_WARN_DIRECT_OBJC_ISA_USAGE = YES_ERROR;
				CLANG_WARN_DOCUMENTATION_COMMENTS = YES;
				CLANG_WARN_EMPTY_BODY = YES;
				CLANG_WARN_ENUM_CONVERSION = YES;
				CLANG_WARN_INFINITE_RECURSION = YES;
				CLANG_WARN_INT_CONVERSION = YES;
				CLANG_WARN_NON_LITERAL_NULL_CONVERSION = YES;
				CLANG_WARN_OBJC_LITERAL_CONVERSION = YES;
				CLANG_WARN_OBJC_ROOT_CLASS = YES_ERROR;
				CLANG_WARN_RANGE_LOOP_ANALYSIS = YES;
				CLANG_WARN_STRICT_PROTOTYPES = YES;
				CLANG_WARN_SUSPICIOUS_MOVE = YES;
				CLANG_WARN_UNGUARDED_AVAILABILITY = YES_AGGRESSIVE;
				CLANG_WARN_UNREACHABLE_CODE = YES;
				CLANG_WARN__DUPLICATE_METHOD_MATCH = YES;
				CODE_SIGN_IDENTITY = "iPhone Developer";
				COPY_PHASE_STRIP = NO;
				DEBUG_INFORMATION_FORMAT = dwarf;
				ENABLE_STRICT_OBJC_MSGSEND = YES;
				ENABLE_TESTABILITY = YES;
				GCC_C_LANGUAGE_STANDARD = gnu11;
				GCC_DYNAMIC_NO_PIC = NO;
				GCC_NO_COMMON_BLOCKS = YES;
				GCC_OPTIMIZATION_LEVEL = 0;
				GCC_PREPROCESSOR_DEFINITIONS = (
					"DEBUG=1",
					"$(inherited)",
				);
				GCC_WARN_64_TO_32_BIT_CONVERSION = YES;
				GCC_WARN_ABOUT_RETURN_TYPE = YES_ERROR;
				GCC_WARN_UNDECLARED_SELECTOR = YES;
				GCC_WARN_UNINITIALIZED_AUTOS = YES_AGGRESSIVE;
				GCC_WARN_UNUSED_FUNCTION = YES;
				GCC_WARN_UNUSED_VARIABLE = YES;
				IPHONEOS_DEPLOYMENT_TARGET = 11.0;
				MTL_ENABLE_DEBUG_INFO = YES;
				ONLY_ACTIVE_ARCH = YES;
				SDKROOT = iphoneos;
				SWIFT_ACTIVE_COMPILATION_CONDITIONS = DEBUG;
				SWIFT_OPTIMIZATION_LEVEL = "-Onone";
			};
			name = Debug;
		};
		DCB1D1F21F95ACC100DDAB9A /* Release */ = {
			isa = XCBuildConfiguration;
			buildSettings = {
				ALWAYS_SEARCH_USER_PATHS = NO;
				CLANG_ANALYZER_NONNULL = YES;
				CLANG_ANALYZER_NUMBER_OBJECT_CONVERSION = YES_AGGRESSIVE;
				CLANG_CXX_LANGUAGE_STANDARD = "gnu++14";
				CLANG_CXX_LIBRARY = "libc++";
				CLANG_ENABLE_MODULES = YES;
				CLANG_ENABLE_OBJC_ARC = YES;
				CLANG_WARN_BLOCK_CAPTURE_AUTORELEASING = YES;
				CLANG_WARN_BOOL_CONVERSION = YES;
				CLANG_WARN_COMMA = YES;
				CLANG_WARN_CONSTANT_CONVERSION = YES;
				CLANG_WARN_DIRECT_OBJC_ISA_USAGE = YES_ERROR;
				CLANG_WARN_DOCUMENTATION_COMMENTS = YES;
				CLANG_WARN_EMPTY_BODY = YES;
				CLANG_WARN_ENUM_CONVERSION = YES;
				CLANG_WARN_INFINITE_RECURSION = YES;
				CLANG_WARN_INT_CONVERSION = YES;
				CLANG_WARN_NON_LITERAL_NULL_CONVERSION = YES;
				CLANG_WARN_OBJC_LITERAL_CONVERSION = YES;
				CLANG_WARN_OBJC_ROOT_CLASS = YES_ERROR;
				CLANG_WARN_RANGE_LOOP_ANALYSIS = YES;
				CLANG_WARN_STRICT_PROTOTYPES = YES;
				CLANG_WARN_SUSPICIOUS_MOVE = YES;
				CLANG_WARN_UNGUARDED_AVAILABILITY = YES_AGGRESSIVE;
				CLANG_WARN_UNREACHABLE_CODE = YES;
				CLANG_WARN__DUPLICATE_METHOD_MATCH = YES;
				CODE_SIGN_IDENTITY = "iPhone Developer";
				COPY_PHASE_STRIP = NO;
				DEBUG_INFORMATION_FORMAT = "dwarf-with-dsym";
				ENABLE_NS_ASSERTIONS = NO;
				ENABLE_STRICT_OBJC_MSGSEND = YES;
				GCC_C_LANGUAGE_STANDARD = gnu11;
				GCC_NO_COMMON_BLOCKS = YES;
				GCC_WARN_64_TO_32_BIT_CONVERSION = YES;
				GCC_WARN_ABOUT_RETURN_TYPE = YES_ERROR;
				GCC_WARN_UNDECLARED_SELECTOR = YES;
				GCC_WARN_UNINITIALIZED_AUTOS = YES_AGGRESSIVE;
				GCC_WARN_UNUSED_FUNCTION = YES;
				GCC_WARN_UNUSED_VARIABLE = YES;
				IPHONEOS_DEPLOYMENT_TARGET = 11.0;
				MTL_ENABLE_DEBUG_INFO = NO;
				SDKROOT = iphoneos;
				SWIFT_OPTIMIZATION_LEVEL = "-Owholemodule";
				VALIDATE_PRODUCT = YES;
			};
			name = Release;
		};
		DCB1D1F41F95ACC100DDAB9A /* Debug */ = {
			isa = XCBuildConfiguration;
			buildSettings = {
				ASSETCATALOG_COMPILER_APPICON_NAME = AppIcon;
				CODE_SIGN_STYLE = Automatic;
				INFOPLIST_FILE = Quiz17OktNo1/Info.plist;
				LD_RUNPATH_SEARCH_PATHS = "$(inherited) @executable_path/Frameworks";
				PRODUCT_BUNDLE_IDENTIFIER = com.developermuslim.Quiz17OktNo1;
				PRODUCT_NAME = "$(TARGET_NAME)";
				SWIFT_VERSION = 4.0;
				TARGETED_DEVICE_FAMILY = "1,2";
			};
			name = Debug;
		};
		DCB1D1F51F95ACC100DDAB9A /* Release */ = {
			isa = XCBuildConfiguration;
			buildSettings = {
				ASSETCATALOG_COMPILER_APPICON_NAME = AppIcon;
				CODE_SIGN_STYLE = Automatic;
				INFOPLIST_FILE = Quiz17OktNo1/Info.plist;
				LD_RUNPATH_SEARCH_PATHS = "$(inherited) @executable_path/Frameworks";
				PRODUCT_BUNDLE_IDENTIFIER = com.developermuslim.Quiz17OktNo1;
				PRODUCT_NAME = "$(TARGET_NAME)";
				SWIFT_VERSION = 4.0;
				TARGETED_DEVICE_FAMILY = "1,2";
			};
			name = Release;
		};
		DCB1D1F71F95ACC100DDAB9A /* Debug */ = {
			isa = XCBuildConfiguration;
			buildSettings = {
				ALWAYS_EMBED_SWIFT_STANDARD_LIBRARIES = YES;
				BUNDLE_LOADER = "$(TEST_HOST)";
				CODE_SIGN_STYLE = Automatic;
				INFOPLIST_FILE = Quiz17OktNo1Tests/Info.plist;
				LD_RUNPATH_SEARCH_PATHS = "$(inherited) @executable_path/Frameworks @loader_path/Frameworks";
				PRODUCT_BUNDLE_IDENTIFIER = com.developermuslim.Quiz17OktNo1Tests;
				PRODUCT_NAME = "$(TARGET_NAME)";
				SWIFT_VERSION = 4.0;
				TARGETED_DEVICE_FAMILY = "1,2";
				TEST_HOST = "$(BUILT_PRODUCTS_DIR)/Quiz17OktNo1.app/Quiz17OktNo1";
			};
			name = Debug;
		};
		DCB1D1F81F95ACC100DDAB9A /* Release */ = {
			isa = XCBuildConfiguration;
			buildSettings = {
				ALWAYS_EMBED_SWIFT_STANDARD_LIBRARIES = YES;
				BUNDLE_LOADER = "$(TEST_HOST)";
				CODE_SIGN_STYLE = Automatic;
				INFOPLIST_FILE = Quiz17OktNo1Tests/Info.plist;
				LD_RUNPATH_SEARCH_PATHS = "$(inherited) @executable_path/Frameworks @loader_path/Frameworks";
				PRODUCT_BUNDLE_IDENTIFIER = com.developermuslim.Quiz17OktNo1Tests;
				PRODUCT_NAME = "$(TARGET_NAME)";
				SWIFT_VERSION = 4.0;
				TARGETED_DEVICE_FAMILY = "1,2";
				TEST_HOST = "$(BUILT_PRODUCTS_DIR)/Quiz17OktNo1.app/Quiz17OktNo1";
			};
			name = Release;
		};
		DCB1D1FA1F95ACC100DDAB9A /* Debug */ = {
			isa = XCBuildConfiguration;
			buildSettings = {
				ALWAYS_EMBED_SWIFT_STANDARD_LIBRARIES = YES;
				CODE_SIGN_STYLE = Automatic;
				INFOPLIST_FILE = Quiz17OktNo1UITests/Info.plist;
				LD_RUNPATH_SEARCH_PATHS = "$(inherited) @executable_path/Frameworks @loader_path/Frameworks";
				PRODUCT_BUNDLE_IDENTIFIER = com.developermuslim.Quiz17OktNo1UITests;
				PRODUCT_NAME = "$(TARGET_NAME)";
				SWIFT_VERSION = 4.0;
				TARGETED_DEVICE_FAMILY = "1,2";
				TEST_TARGET_NAME = Quiz17OktNo1;
			};
			name = Debug;
		};
		DCB1D1FB1F95ACC100DDAB9A /* Release */ = {
			isa = XCBuildConfiguration;
			buildSettings = {
				ALWAYS_EMBED_SWIFT_STANDARD_LIBRARIES = YES;
				CODE_SIGN_STYLE = Automatic;
				INFOPLIST_FILE = Quiz17OktNo1UITests/Info.plist;
				LD_RUNPATH_SEARCH_PATHS = "$(inherited) @executable_path/Frameworks @loader_path/Frameworks";
				PRODUCT_BUNDLE_IDENTIFIER = com.developermuslim.Quiz17OktNo1UITests;
				PRODUCT_NAME = "$(TARGET_NAME)";
				SWIFT_VERSION = 4.0;
				TARGETED_DEVICE_FAMILY = "1,2";
				TEST_TARGET_NAME = Quiz17OktNo1;
			};
			name = Release;
		};
/* End XCBuildConfiguration section */

/* Begin XCConfigurationList section */
		DCB1D1C61F95ACC100DDAB9A /* Build configuration list for PBXProject "Quiz17OktNo1" */ = {
			isa = XCConfigurationList;
			buildConfigurations = (
				DCB1D1F11F95ACC100DDAB9A /* Debug */,
				DCB1D1F21F95ACC100DDAB9A /* Release */,
			);
			defaultConfigurationIsVisible = 0;
			defaultConfigurationName = Release;
		};
		DCB1D1F31F95ACC100DDAB9A /* Build configuration list for PBXNativeTarget "Quiz17OktNo1" */ = {
			isa = XCConfigurationList;
			buildConfigurations = (
				DCB1D1F41F95ACC100DDAB9A /* Debug */,
				DCB1D1F51F95ACC100DDAB9A /* Release */,
			);
			defaultConfigurationIsVisible = 0;
			defaultConfigurationName = Release;
		};
		DCB1D1F61F95ACC100DDAB9A /* Build configuration list for PBXNativeTarget "Quiz17OktNo1Tests" */ = {
			isa = XCConfigurationList;
			buildConfigurations = (
				DCB1D1F71F95ACC100DDAB9A /* Debug */,
				DCB1D1F81F95ACC100DDAB9A /* Release */,
			);
			defaultConfigurationIsVisible = 0;
			defaultConfigurationName = Release;
		};
		DCB1D1F91F95ACC100DDAB9A /* Build configuration list for PBXNativeTarget "Quiz17OktNo1UITests" */ = {
			isa = XCConfigurationList;
			buildConfigurations = (
				DCB1D1FA1F95ACC100DDAB9A /* Debug */,
				DCB1D1FB1F95ACC100DDAB9A /* Release */,
			);
			defaultConfigurationIsVisible = 0;
			defaultConfigurationName = Release;
		};
/* End XCConfigurationList section */
	};
	rootObject = DCB1D1C31F95ACC100DDAB9A /* Project object */;
}
